
Microsoft Visual Studio Solution File, Format Version 12.00
# Visual Studio Version 17
VisualStudioVersion = 17.11.35222.181
MinimumVisualStudioVersion = 10.0.40219.1
Project("{FAE04EC0-301F-11D3-BF4B-00C04F79EFBC}") = "except", "except.csproj", "{244D2079-B3B7-4638-9D00-3EF834AC258B}"
EndProject
Global
	GlobalSection(SolutionConfigurationPlatforms) = preSolution
		Debug|Any CPU = Debug|Any CPU
		Release|Any CPU = Release|Any CPU
	EndGlobalSection
	GlobalSection(ProjectConfigurationPlatforms) = postSolution
		{244D2079-B3B7-4638-9D00-3EF834AC258B}.Debug|Any CPU.ActiveCfg = Debug|Any CPU
		{244D2079-B3B7-4638-9D00-3EF834AC258B}.Debug|Any CPU.Build.0 = Debug|Any CPU
		{244D2079-B3B7-4638-9D00-3EF834AC258B}.Release|Any CPU.ActiveCfg = Release|Any CPU
		{244D2079-B3B7-4638-9D00-3EF834AC258B}.Release|Any CPU.Build.0 = Release|Any CPU
	EndGlobalSection
	GlobalSection(SolutionProperties) = preSolution
		HideSolutionNode = FALSE
	EndGlobalSection
	GlobalSection(ExtensibilityGlobals) = postSolution
		SolutionGuid = {CFCEB287-16ED-4CCC-A67B-37091B4793E0}
	EndGlobalSection
EndGlobal
