
Microsoft Visual Studio Solution File, Format Version 12.00
# Visual Studio Version 17
VisualStudioVersion = 17.11.35222.181
MinimumVisualStudioVersion = 10.0.40219.1
Project("{FAE04EC0-301F-11D3-BF4B-00C04F79EFBC}") = "Reverse", "Reverse.csproj", "{40C2DA9B-A1E4-4CF4-8FE6-55A57932C51D}"
EndProject
Global
	GlobalSection(SolutionConfigurationPlatforms) = preSolution
		Debug|Any CPU = Debug|Any CPU
		Release|Any CPU = Release|Any CPU
	EndGlobalSection
	GlobalSection(ProjectConfigurationPlatforms) = postSolution
		{40C2DA9B-A1E4-4CF4-8FE6-55A57932C51D}.Debug|Any CPU.ActiveCfg = Debug|Any CPU
		{40C2DA9B-A1E4-4CF4-8FE6-55A57932C51D}.Debug|Any CPU.Build.0 = Debug|Any CPU
		{40C2DA9B-A1E4-4CF4-8FE6-55A57932C51D}.Release|Any CPU.ActiveCfg = Release|Any CPU
		{40C2DA9B-A1E4-4CF4-8FE6-55A57932C51D}.Release|Any CPU.Build.0 = Release|Any CPU
	EndGlobalSection
	GlobalSection(SolutionProperties) = preSolution
		HideSolutionNode = FALSE
	EndGlobalSection
	GlobalSection(ExtensibilityGlobals) = postSolution
		SolutionGuid = {6864C714-FAF0-4B00-A569-137172F2EB7B}
	EndGlobalSection
EndGlobal
